
Microsoft Visual Studio Solution File, Format Version 12.00
Project("{FAE04EC0-301F-11D3-BF4B-00C04F79EFBC}") = "DotNetWeb.Aspire.AppHost", "DotNetWeb.Aspire\DotNetWeb.Aspire.AppHost\DotNetWeb.Aspire.AppHost.csproj", "{75090060-5CA9-4D77-887D-020DAB648F1A}"
EndProject
Project("{FAE04EC0-301F-11D3-BF4B-00C04F79EFBC}") = "DotNetWeb.Aspire.ServiceDefaults", "DotNetWeb.Aspire\DotNetWeb.Aspire.ServiceDefaults\DotNetWeb.Aspire.ServiceDefaults.csproj", "{1656C0A9-BACB-4674-8CFE-32DA4CA97C06}"
EndProject
Project("{FAE04EC0-301F-11D3-BF4B-00C04F79EFBC}") = "DotNetWeb.Blazor", "DotNetWeb.Blazor\DotNetWeb.Blazor.csproj", "{C4C81FBD-1B13-424F-8EBE-379ADDDEAC45}"
EndProject
Project("{FAE04EC0-301F-11D3-BF4B-00C04F79EFBC}") = "DotNetWeb.Api", "DotNetWeb.Api\DotNetWeb.Api.csproj", "{42F5811F-2B9E-4F4A-8CE6-F7379B85070F}"
EndProject
Global
	GlobalSection(SolutionConfigurationPlatforms) = preSolution
		Debug|Any CPU = Debug|Any CPU
		Release|Any CPU = Release|Any CPU
	EndGlobalSection
	GlobalSection(ProjectConfigurationPlatforms) = postSolution
		{75090060-5CA9-4D77-887D-020DAB648F1A}.Debug|Any CPU.ActiveCfg = Debug|Any CPU
		{75090060-5CA9-4D77-887D-020DAB648F1A}.Debug|Any CPU.Build.0 = Debug|Any CPU
		{75090060-5CA9-4D77-887D-020DAB648F1A}.Release|Any CPU.ActiveCfg = Release|Any CPU
		{75090060-5CA9-4D77-887D-020DAB648F1A}.Release|Any CPU.Build.0 = Release|Any CPU
		{1656C0A9-BACB-4674-8CFE-32DA4CA97C06}.Debug|Any CPU.ActiveCfg = Debug|Any CPU
		{1656C0A9-BACB-4674-8CFE-32DA4CA97C06}.Debug|Any CPU.Build.0 = Debug|Any CPU
		{1656C0A9-BACB-4674-8CFE-32DA4CA97C06}.Release|Any CPU.ActiveCfg = Release|Any CPU
		{1656C0A9-BACB-4674-8CFE-32DA4CA97C06}.Release|Any CPU.Build.0 = Release|Any CPU
		{C4C81FBD-1B13-424F-8EBE-379ADDDEAC45}.Debug|Any CPU.ActiveCfg = Debug|Any CPU
		{C4C81FBD-1B13-424F-8EBE-379ADDDEAC45}.Debug|Any CPU.Build.0 = Debug|Any CPU
		{C4C81FBD-1B13-424F-8EBE-379ADDDEAC45}.Release|Any CPU.ActiveCfg = Release|Any CPU
		{C4C81FBD-1B13-424F-8EBE-379ADDDEAC45}.Release|Any CPU.Build.0 = Release|Any CPU
		{42F5811F-2B9E-4F4A-8CE6-F7379B85070F}.Debug|Any CPU.ActiveCfg = Debug|Any CPU
		{42F5811F-2B9E-4F4A-8CE6-F7379B85070F}.Debug|Any CPU.Build.0 = Debug|Any CPU
		{42F5811F-2B9E-4F4A-8CE6-F7379B85070F}.Release|Any CPU.ActiveCfg = Release|Any CPU
		{42F5811F-2B9E-4F4A-8CE6-F7379B85070F}.Release|Any CPU.Build.0 = Release|Any CPU
	EndGlobalSection
EndGlobal
